
Microsoft Visual Studio Solution File, Format Version 12.00
Project("{FAE04EC0-301F-11D3-BF4B-00C04F79EFBC}") = "PlantManger", "PlantManger\PlantManger.csproj", "{8DBFA565-8BDD-4B93-A1DC-D59E9B893174}"
EndProject
Project("{FAE04EC0-301F-11D3-BF4B-00C04F79EFBC}") = "HydroCore", "HydroCore\HydroCore.csproj", "{7EA086FB-A300-49C4-BE6F-B964F9B1230E}"
EndProject
Global
	GlobalSection(SolutionConfigurationPlatforms) = preSolution
		Debug|Any CPU = Debug|Any CPU
		Release|Any CPU = Release|Any CPU
	EndGlobalSection
	GlobalSection(ProjectConfigurationPlatforms) = postSolution
		{8DBFA565-8BDD-4B93-A1DC-D59E9B893174}.Debug|Any CPU.ActiveCfg = Debug|Any CPU
		{8DBFA565-8BDD-4B93-A1DC-D59E9B893174}.Debug|Any CPU.Build.0 = Debug|Any CPU
		{8DBFA565-8BDD-4B93-A1DC-D59E9B893174}.Release|Any CPU.ActiveCfg = Release|Any CPU
		{8DBFA565-8BDD-4B93-A1DC-D59E9B893174}.Release|Any CPU.Build.0 = Release|Any CPU
		{7EA086FB-A300-49C4-BE6F-B964F9B1230E}.Debug|Any CPU.ActiveCfg = Debug|Any CPU
		{7EA086FB-A300-49C4-BE6F-B964F9B1230E}.Debug|Any CPU.Build.0 = Debug|Any CPU
		{7EA086FB-A300-49C4-BE6F-B964F9B1230E}.Release|Any CPU.ActiveCfg = Release|Any CPU
		{7EA086FB-A300-49C4-BE6F-B964F9B1230E}.Release|Any CPU.Build.0 = Release|Any CPU
	EndGlobalSection
EndGlobal
